
Microsoft Visual Studio Solution File, Format Version 12.00
# Visual Studio Version 17
VisualStudioVersion = 17.11.35312.102
MinimumVisualStudioVersion = 10.0.40219.1
Project("{FAE04EC0-301F-11D3-BF4B-00C04F79EFBC}") = "Projekt", "Projekt\Projekt.csproj", "{44DAC6CB-A78A-48A3-B196-3F5A92F010D7}"
EndProject
Global
	GlobalSection(SolutionConfigurationPlatforms) = preSolution
		Debug|Any CPU = Debug|Any CPU
		Release|Any CPU = Release|Any CPU
	EndGlobalSection
	GlobalSection(ProjectConfigurationPlatforms) = postSolution
		{44DAC6CB-A78A-48A3-B196-3F5A92F010D7}.Debug|Any CPU.ActiveCfg = Debug|Any CPU
		{44DAC6CB-A78A-48A3-B196-3F5A92F010D7}.Debug|Any CPU.Build.0 = Debug|Any CPU
		{44DAC6CB-A78A-48A3-B196-3F5A92F010D7}.Release|Any CPU.ActiveCfg = Release|Any CPU
		{44DAC6CB-A78A-48A3-B196-3F5A92F010D7}.Release|Any CPU.Build.0 = Release|Any CPU
	EndGlobalSection
	GlobalSection(SolutionProperties) = preSolution
		HideSolutionNode = FALSE
	EndGlobalSection
	GlobalSection(ExtensibilityGlobals) = postSolution
		SolutionGuid = {6172C132-C610-4147-9676-E3B7EE4D6E31}
	EndGlobalSection
EndGlobal
